{
    "name": "@pappus/api",
    "lockfileVersion": 2,
    "requires": true,
    "packages": {
        "": {
            "name": "@pappus/api",
            "dependencies": {
                "tsup": "^6.2.3"
            }
        },
        "../../node_modules/.pnpm/tsup@6.2.3/node_modules/tsup": {
            "version": "6.2.3",
            "license": "MIT",
            "dependencies": {
                "bundle-require": "^3.1.0",
                "cac": "^6.7.12",
                "chokidar": "^3.5.1",
                "debug": "^4.3.1",
                "esbuild": "^0.15.1",
                "execa": "^5.0.0",
                "globby": "^11.0.3",
                "joycon": "^3.0.1",
                "postcss-load-config": "^3.0.1",
                "resolve-from": "^5.0.0",
                "rollup": "^2.74.1",
                "source-map": "0.8.0-beta.0",
                "sucrase": "^3.20.3",
                "tree-kill": "^1.2.2"
            },
            "bin": {
                "tsup": "dist/cli-default.js",
                "tsup-node": "dist/cli-node.js"
            },
            "devDependencies": {
                "@rollup/plugin-json": "4.1.0",
                "@swc/core": "1.2.218",
                "@types/debug": "4.1.7",
                "@types/flat": "5.0.2",
                "@types/fs-extra": "9.0.13",
                "@types/node": "14.18.12",
                "@types/resolve": "1.20.1",
                "colorette": "2.0.16",
                "consola": "2.15.3",
                "flat": "5.0.2",
                "fs-extra": "10.0.0",
                "postcss": "8.4.12",
                "postcss-simple-vars": "6.0.3",
                "prettier": "2.5.1",
                "resolve": "1.20.0",
                "rollup-plugin-dts": "4.2.1",
                "rollup-plugin-hashbang": "2.2.2",
                "strip-json-comments": "4.0.0",
                "svelte": "3.46.4",
                "ts-essentials": "9.1.2",
                "tsconfig-paths": "3.12.0",
                "tsup": "6.0.1",
                "typescript": "4.6.3",
                "vitest": "0.21.1",
                "wait-for-expect": "3.0.2"
            },
            "engines": {
                "node": ">=14"
            },
            "peerDependencies": {
                "@swc/core": "^1",
                "postcss": "^8.4.12",
                "typescript": "^4.1.0"
            },
            "peerDependenciesMeta": {
                "@swc/core": {
                    "optional": true
                },
                "postcss": {
                    "optional": true
                },
                "typescript": {
                    "optional": true
                }
            }
        },
        "node_modules/tsup": {
            "resolved": "../../node_modules/.pnpm/tsup@6.2.3/node_modules/tsup",
            "link": true
        }
    },
    "dependencies": {
        "tsup": {
            "version": "file:../../node_modules/.pnpm/tsup@6.2.3/node_modules/tsup",
            "requires": {
                "@rollup/plugin-json": "4.1.0",
                "@swc/core": "1.2.218",
                "@types/debug": "4.1.7",
                "@types/flat": "5.0.2",
                "@types/fs-extra": "9.0.13",
                "@types/node": "14.18.12",
                "@types/resolve": "1.20.1",
                "bundle-require": "^3.1.0",
                "cac": "^6.7.12",
                "chokidar": "^3.5.1",
                "colorette": "2.0.16",
                "consola": "2.15.3",
                "debug": "^4.3.1",
                "esbuild": "^0.15.1",
                "execa": "^5.0.0",
                "flat": "5.0.2",
                "fs-extra": "10.0.0",
                "globby": "^11.0.3",
                "joycon": "^3.0.1",
                "postcss": "8.4.12",
                "postcss-load-config": "^3.0.1",
                "postcss-simple-vars": "6.0.3",
                "prettier": "2.5.1",
                "resolve": "1.20.0",
                "resolve-from": "^5.0.0",
                "rollup": "^2.74.1",
                "rollup-plugin-dts": "4.2.1",
                "rollup-plugin-hashbang": "2.2.2",
                "source-map": "0.8.0-beta.0",
                "strip-json-comments": "4.0.0",
                "sucrase": "^3.20.3",
                "svelte": "3.46.4",
                "tree-kill": "^1.2.2",
                "ts-essentials": "9.1.2",
                "tsconfig-paths": "3.12.0",
                "tsup": "6.0.1",
                "typescript": "4.6.3",
                "vitest": "0.21.1",
                "wait-for-expect": "3.0.2"
            }
        }
    }
}
